
Microsoft Visual Studio Solution File, Format Version 12.00
# Visual Studio Version 17
VisualStudioVersion = 17.4.33213.308
MinimumVisualStudioVersion = 10.0.40219.1
Project("{FAE04EC0-301F-11D3-BF4B-00C04F79EFBC}") = "KiaraMoncada", "KiaraMoncada\KiaraMoncada.csproj", "{221ACBCE-B06A-447A-9B7E-CE9105DE9DC1}"
EndProject
Global
	GlobalSection(SolutionConfigurationPlatforms) = preSolution
		Debug|Any CPU = Debug|Any CPU
		Release|Any CPU = Release|Any CPU
	EndGlobalSection
	GlobalSection(ProjectConfigurationPlatforms) = postSolution
		{221ACBCE-B06A-447A-9B7E-CE9105DE9DC1}.Debug|Any CPU.ActiveCfg = Debug|Any CPU
		{221ACBCE-B06A-447A-9B7E-CE9105DE9DC1}.Debug|Any CPU.Build.0 = Debug|Any CPU
		{221ACBCE-B06A-447A-9B7E-CE9105DE9DC1}.Release|Any CPU.ActiveCfg = Release|Any CPU
		{221ACBCE-B06A-447A-9B7E-CE9105DE9DC1}.Release|Any CPU.Build.0 = Release|Any CPU
	EndGlobalSection
	GlobalSection(SolutionProperties) = preSolution
		HideSolutionNode = FALSE
	EndGlobalSection
	GlobalSection(ExtensibilityGlobals) = postSolution
		SolutionGuid = {CD44C529-FDD7-4012-BE17-6244E3925FAC}
	EndGlobalSection
EndGlobal
